
Microsoft Visual Studio Solution File, Format Version 12.00
# Visual Studio 15
VisualStudioVersion = 15.0.28307.271
MinimumVisualStudioVersion = 10.0.40219.1
Project("{FAE04EC0-301F-11D3-BF4B-00C04F79EFBC}") = "NuclearReaction", "NuclearReaction\NuclearReaction.csproj", "{F64ACE9E-ACA5-4C1B-949F-3C6A5BB1995A}"
EndProject
Global
	GlobalSection(SolutionConfigurationPlatforms) = preSolution
		Debug|Any CPU = Debug|Any CPU
		Release|Any CPU = Release|Any CPU
	EndGlobalSection
	GlobalSection(ProjectConfigurationPlatforms) = postSolution
		{F64ACE9E-ACA5-4C1B-949F-3C6A5BB1995A}.Debug|Any CPU.ActiveCfg = Debug|Any CPU
		{F64ACE9E-ACA5-4C1B-949F-3C6A5BB1995A}.Debug|Any CPU.Build.0 = Debug|Any CPU
		{F64ACE9E-ACA5-4C1B-949F-3C6A5BB1995A}.Release|Any CPU.ActiveCfg = Release|Any CPU
		{F64ACE9E-ACA5-4C1B-949F-3C6A5BB1995A}.Release|Any CPU.Build.0 = Release|Any CPU
	EndGlobalSection
	GlobalSection(SolutionProperties) = preSolution
		HideSolutionNode = FALSE
	EndGlobalSection
	GlobalSection(ExtensibilityGlobals) = postSolution
		SolutionGuid = {3F06813E-DECA-490B-91CF-F2E03FA4876F}
	EndGlobalSection
EndGlobal
